# THIS IS AN AUTOGENERATED FILE. DO NOT EDIT THIS FILE DIRECTLY.
# yarn lockfile v1


"@kurkle/color@^0.3.0":
  version "0.3.2"
  resolved "https://registry.yarnpkg.com/@kurkle/color/-/color-0.3.2.tgz#5acd38242e8bde4f9986e7913c8fdf49d3aa199f"
  integrity sha512-fuscdXJ9G1qb7W8VdHi+IwRqij3lBkosAm4ydQtEmbY58OzHXqQhvlxqEkoz0yssNVn38bcpRWgA9PP+OGoisw==

"@reduxjs/toolkit@^2.2.6":
  version "2.2.6"
  resolved "https://registry.npmjs.org/@reduxjs/toolkit/-/toolkit-2.2.6.tgz"
  integrity sha512-kH0r495c5z1t0g796eDQAkYbEQ3a1OLYN9o8jQQVZyKyw367pfRGS+qZLkHYvFHiUUdafpoSlQ2QYObIApjPWA==
  dependencies:
    immer "^10.0.3"
    redux "^5.0.1"
    redux-thunk "^3.1.0"
    reselect "^5.1.0"

"@types/react-chartjs-2@^2.5.7":
  version "2.5.7"
  resolved "https://registry.yarnpkg.com/@types/react-chartjs-2/-/react-chartjs-2-2.5.7.tgz#b77406f6eb6a9f38438966fb27d8cfb1bb7425d3"
  integrity sha512-waqYqiNULIVUqaKO7MGUpFmWrVtH7gVPOzqwV4y4zgUyu/JiDwC005PpveO442HKnby9kLgp3t1SB2sld+ACLw==
  dependencies:
    react-chartjs-2 "*"

"@types/use-sync-external-store@^0.0.3":
  version "0.0.3"
  resolved "https://registry.npmjs.org/@types/use-sync-external-store/-/use-sync-external-store-0.0.3.tgz"
  integrity sha512-EwmlvuaxPNej9+T4v5AuBPJa2x2UOJVdjCtDHgcDqitUeOtjnJKJ+apYjVcAoBEMjKW1VVFGZLUb5+qqa09XFA==

chart.js@^4.4.3:
  version "4.4.3"
  resolved "https://registry.yarnpkg.com/chart.js/-/chart.js-4.4.3.tgz#3b2e11e7010fefa99b07d0349236f5098e5226ad"
  integrity sha512-qK1gkGSRYcJzqrrzdR6a+I0vQ4/R+SoODXyAjscQ/4mzuNzySaMCd+hyVxitSY1+L2fjPD1Gbn+ibNqRmwQeLw==
  dependencies:
    "@kurkle/color" "^0.3.0"

immer@^10.0.3:
  version "10.1.1"
  resolved "https://registry.npmjs.org/immer/-/immer-10.1.1.tgz"
  integrity sha512-s2MPrmjovJcoMaHtx6K11Ra7oD05NT97w1IC5zpMkT6Atjr7H8LjaDd81iIxUYpMKSRRNMJE703M1Fhr/TctHw==

react-chartjs-2@*, react-chartjs-2@^5.2.0:
  version "5.2.0"
  resolved "https://registry.yarnpkg.com/react-chartjs-2/-/react-chartjs-2-5.2.0.tgz#43c1e3549071c00a1a083ecbd26c1ad34d385f5d"
  integrity sha512-98iN5aguJyVSxp5U3CblRLH67J8gkfyGNbiK3c+l1QI/G4irHMPQw44aEPmjVag+YKTyQ260NcF82GTQ3bdscA==

react-redux@^9.1.2:
  version "9.1.2"
  resolved "https://registry.npmjs.org/react-redux/-/react-redux-9.1.2.tgz"
  integrity sha512-0OA4dhM1W48l3uzmv6B7TXPCGmokUU4p1M44DGN2/D9a1FjVPukVjER1PcPX97jIg6aUeLq1XJo1IpfbgULn0w==
  dependencies:
    "@types/use-sync-external-store" "^0.0.3"
    use-sync-external-store "^1.0.0"

redux-thunk@^3.1.0:
  version "3.1.0"
  resolved "https://registry.npmjs.org/redux-thunk/-/redux-thunk-3.1.0.tgz"
  integrity sha512-NW2r5T6ksUKXCabzhL9z+h206HQw/NJkcLm1GPImRQ8IzfXwRGqjVhKJGauHirT0DAuyy6hjdnMZaRoAcy0Klw==

redux@^5.0.1:
  version "5.0.1"
  resolved "https://registry.npmjs.org/redux/-/redux-5.0.1.tgz"
  integrity sha512-M9/ELqF6fy8FwmkpnF0S3YKOqMyoWJ4+CS5Efg2ct3oY9daQvd/Pc71FpGZsVsbl3Cpb+IIcjBDUnnyBdQbq4w==

reselect@^5.1.0:
  version "5.1.1"
  resolved "https://registry.npmjs.org/reselect/-/reselect-5.1.1.tgz"
  integrity sha512-K/BG6eIky/SBpzfHZv/dd+9JBFiS4SWV7FIujVyJRux6e45+73RaUHXLmIR1f7WOMaQ0U1km6qwklRQxpJJY0w==

use-sync-external-store@^1.0.0:
  version "1.2.2"
  resolved "https://registry.npmjs.org/use-sync-external-store/-/use-sync-external-store-1.2.2.tgz"
  integrity sha512-PElTlVMwpblvbNqQ82d2n6RjStvdSoNe9FG28kNfz3WiXilJm4DdNkEzRhCZuIDwY8U08WVihhGR5iRqAwfDiw==
